<?xml version="1.0" encoding="UTF-8"?>
<Scheme
   LastUpgradeVersion = "1150"
   version = "1.3">
   <BuildAction
      parallelizeBuildables = "YES"
      buildImplicitDependencies = "YES">
      <BuildActionEntries>
         <BuildActionEntry
            buildForTesting = "YES"
            buildForRunning = "YES"
            buildForProfiling = "YES"
            buildForArchiving = "YES"
            buildForAnalyzing = "YES">
            <BuildableReference
               BuildableIdentifier = "primary"
               BlueprintIdentifier = "5BE639A024A85D8A007ABC9F"
               BuildableName = "FeedFetcheriOS.framework"
               BlueprintName = "FeedFetcheriOS"
               ReferencedContainer = "container:../FeedFetcher/FeedFetcher.xcodeproj">
            </BuildableReference>
         </BuildActionEntry>
      </BuildActionEntries>
   </BuildAction>
   <TestAction
      buildConfiguration = "Debug"
      selectedDebuggerIdentifier = "Xcode.DebuggerFoundation.Debugger.LLDB"
      selectedLauncherIdentifier = "Xcode.DebuggerFoundation.Launcher.LLDB"
      shouldUseLaunchSchemeArgsEnv = "YES"
      systemAttachmentLifetime = "keepNever"
      userAttachmentLifetime = "keepAlways"
      codeCoverageEnabled = "YES"
      onlyGenerateCoverageForSpecifiedTargets = "YES">
      <CodeCoverageTargets>
         <BuildableReference
            BuildableIdentifier = "primary"
            BlueprintIdentifier = "5B1198ED247EF16A00010566"
            BuildableName = "FeedFetcher.framework"
            BlueprintName = "FeedFetcher"
            ReferencedContainer = "container:../FeedFetcher/FeedFetcher.xcodeproj">
         </BuildableReference>
         <BuildableReference
            BuildableIdentifier = "primary"
            BlueprintIdentifier = "5BE639A024A85D8A007ABC9F"
            BuildableName = "FeedFetcheriOS.framework"
            BlueprintName = "FeedFetcheriOS"
            ReferencedContainer = "container:../FeedFetcher/FeedFetcher.xcodeproj">
         </BuildableReference>
         <BuildableReference
            BuildableIdentifier = "primary"
            BlueprintIdentifier = "5B29A97C24CA1D9A007BD104"
            BuildableName = "FeedFetchApp.app"
            BlueprintName = "FeedFetchApp"
            ReferencedContainer = "container:FeedFetchApp.xcodeproj">
         </BuildableReference>
      </CodeCoverageTargets>
      <Testables>
         <TestableReference
            skipped = "NO"
            testExecutionOrdering = "random">
            <BuildableReference
               BuildableIdentifier = "primary"
               BlueprintIdentifier = "5B1198F6247EF16A00010566"
               BuildableName = "FeedFetcherTests.xctest"
               BlueprintName = "FeedFetcherTests"
               ReferencedContainer = "container:../FeedFetcher/FeedFetcher.xcodeproj">
            </BuildableReference>
         </TestableReference>
         <TestableReference
            skipped = "NO"
            testExecutionOrdering = "random">
            <BuildableReference
               BuildableIdentifier = "primary"
               BlueprintIdentifier = "5B8F78ED248813C000C4F6EF"
               BuildableName = "FeedFetcherApiEndToEndTests.xctest"
               BlueprintName = "FeedFetcherApiEndToEndTests"
               ReferencedContainer = "container:../FeedFetcher/FeedFetcher.xcodeproj">
            </BuildableReference>
         </TestableReference>
         <TestableReference
            skipped = "NO"
            testExecutionOrdering = "random">
            <BuildableReference
               BuildableIdentifier = "primary"
               BlueprintIdentifier = "5B38572224A6B2C1005B9F7E"
               BuildableName = "FeedFetcherFeedCacheIntegrationTests.xctest"
               BlueprintName = "FeedFetcherFeedCacheIntegrationTests"
               ReferencedContainer = "container:../FeedFetcher/FeedFetcher.xcodeproj">
            </BuildableReference>
         </TestableReference>
         <TestableReference
            skipped = "NO"
            testExecutionOrdering = "random">
            <BuildableReference
               BuildableIdentifier = "primary"
               BlueprintIdentifier = "5BE639A824A85D8A007ABC9F"
               BuildableName = "FeedFetcheriOSTests.xctest"
               BlueprintName = "FeedFetcheriOSTests"
               ReferencedContainer = "container:../FeedFetcher/FeedFetcher.xcodeproj">
            </BuildableReference>
         </TestableReference>
         <TestableReference
            skipped = "NO"
            testExecutionOrdering = "random">
            <BuildableReference
               BuildableIdentifier = "primary"
               BlueprintIdentifier = "5B29A99224CA1D9C007BD104"
               BuildableName = "FeedFetchAppTests.xctest"
               BlueprintName = "FeedFetchAppTests"
               ReferencedContainer = "container:FeedFetchApp.xcodeproj">
            </BuildableReference>
         </TestableReference>
         <TestableReference
            skipped = "NO"
            testExecutionOrdering = "random">
            <BuildableReference
               BuildableIdentifier = "primary"
               BlueprintIdentifier = "5BB7910824CF9BA4008C7CE3"
               BuildableName = "FeedFetchAppUIAcceptanceTests.xctest"
               BlueprintName = "FeedFetchAppUIAcceptanceTests"
               ReferencedContainer = "container:FeedFetchApp.xcodeproj">
            </BuildableReference>
         </TestableReference>
      </Testables>
   </TestAction>
   <LaunchAction
      buildConfiguration = "Debug"
      selectedDebuggerIdentifier = "Xcode.DebuggerFoundation.Debugger.LLDB"
      selectedLauncherIdentifier = "Xcode.DebuggerFoundation.Launcher.LLDB"
      launchStyle = "0"
      useCustomWorkingDirectory = "NO"
      ignoresPersistentStateOnLaunch = "NO"
      debugDocumentVersioning = "YES"
      debugServiceExtension = "internal"
      allowLocationSimulation = "YES">
   </LaunchAction>
   <ProfileAction
      buildConfiguration = "Release"
      shouldUseLaunchSchemeArgsEnv = "YES"
      savedToolIdentifier = ""
      useCustomWorkingDirectory = "NO"
      debugDocumentVersioning = "YES">
      <MacroExpansion>
         <BuildableReference
            BuildableIdentifier = "primary"
            BlueprintIdentifier = "5BE639A024A85D8A007ABC9F"
            BuildableName = "FeedFetcheriOS.framework"
            BlueprintName = "FeedFetcheriOS"
            ReferencedContainer = "container:../FeedFetcher/FeedFetcher.xcodeproj">
         </BuildableReference>
      </MacroExpansion>
   </ProfileAction>
   <AnalyzeAction
      buildConfiguration = "Debug">
   </AnalyzeAction>
   <ArchiveAction
      buildConfiguration = "Release"
      revealArchiveInOrganizer = "YES">
   </ArchiveAction>
</Scheme>
